
Microsoft Visual Studio Solution File, Format Version 12.00
# Visual Studio Version 16
VisualStudioVersion = 16.0.30907.101
MinimumVisualStudioVersion = 10.0.40219.1
Project("{9A19103F-16F7-4668-BE54-9A1E7A4F7556}") = "LdtkParser.Example", ".\LdtkParser.Example\LdtkParser.Example.csproj", "{9596803A-E9BD-4E42-A4D8-29F8B60CE605}"
EndProject
Project("{9A19103F-16F7-4668-BE54-9A1E7A4F7556}") = "LdtkParser.Tests", ".\LdtkParser.Tests\LdtkParser.Tests.csproj", "{7F504D1C-E5E8-4D66-9771-B3FEEC8E8B53}"
EndProject
Project("{9A19103F-16F7-4668-BE54-9A1E7A4F7556}") = "LdtkParser", ".\LdtkParser\LdtkParser.csproj", "{2168B216-A642-4031-A1BF-21FB3A5AF602}"
EndProject
Global
	GlobalSection(SolutionConfigurationPlatforms) = preSolution
		Debug|Any CPU = Debug|Any CPU
		Release|Any CPU = Release|Any CPU
	EndGlobalSection
	GlobalSection(ProjectConfigurationPlatforms) = postSolution
		{9596803A-E9BD-4E42-A4D8-29F8B60CE605}.Debug|Any CPU.ActiveCfg = Debug|Any CPU
		{9596803A-E9BD-4E42-A4D8-29F8B60CE605}.Debug|Any CPU.Build.0 = Debug|Any CPU
		{9596803A-E9BD-4E42-A4D8-29F8B60CE605}.Release|Any CPU.ActiveCfg = Release|Any CPU
		{9596803A-E9BD-4E42-A4D8-29F8B60CE605}.Release|Any CPU.Build.0 = Release|Any CPU
		{7F504D1C-E5E8-4D66-9771-B3FEEC8E8B53}.Debug|Any CPU.ActiveCfg = Debug|Any CPU
		{7F504D1C-E5E8-4D66-9771-B3FEEC8E8B53}.Debug|Any CPU.Build.0 = Debug|Any CPU
		{7F504D1C-E5E8-4D66-9771-B3FEEC8E8B53}.Release|Any CPU.ActiveCfg = Release|Any CPU
		{7F504D1C-E5E8-4D66-9771-B3FEEC8E8B53}.Release|Any CPU.Build.0 = Release|Any CPU
		{2168B216-A642-4031-A1BF-21FB3A5AF602}.Debug|Any CPU.ActiveCfg = Debug|Any CPU
		{2168B216-A642-4031-A1BF-21FB3A5AF602}.Debug|Any CPU.Build.0 = Debug|Any CPU
		{2168B216-A642-4031-A1BF-21FB3A5AF602}.Release|Any CPU.ActiveCfg = Release|Any CPU
		{2168B216-A642-4031-A1BF-21FB3A5AF602}.Release|Any CPU.Build.0 = Release|Any CPU
	EndGlobalSection
	GlobalSection(SolutionProperties) = preSolution
		HideSolutionNode = FALSE
	EndGlobalSection
	GlobalSection(ExtensibilityGlobals) = postSolution
		SolutionGuid = {4768A9BF-27F7-4FF4-9A2D-707C545B9DE3}
	EndGlobalSection
EndGlobal
